root:
  data: |
                this is content line 0 inside a literal block scalar with words
                this is content line 1 inside a literal block scalar with words
                this is content line 2 inside a literal block scalar with words
                this is content line 3 inside a literal block scalar with words
                this is content line 4 inside a literal block scalar with words
                this is content line 5 inside a literal block scalar with words
                this is content line 6 inside a literal block scalar with words
                this is content line 7 inside a literal block scalar with words
                this is content line 8 inside a literal block scalar with words
                this is content line 9 inside a literal block scalar with words
                this is content line 10 inside a literal block scalar with words
                this is content line 11 inside a literal block scalar with words
                this is content line 12 inside a literal block scalar with words
                this is content line 13 inside a literal block scalar with words
                this is content line 14 inside a literal block scalar with words
                this is content line 15 inside a literal block scalar with words
                this is content line 16 inside a literal block scalar with words
                this is content line 17 inside a literal block scalar with words
                this is content line 18 inside a literal block scalar with words
                this is content line 19 inside a literal block scalar with words
                this is content line 20 inside a literal block scalar with words
                this is content line 21 inside a literal block scalar with words
                this is content line 22 inside a literal block scalar with words
                this is content line 23 inside a literal block scalar with words
                this is content line 24 inside a literal block scalar with words
                this is content line 25 inside a literal block scalar with words
                this is content line 26 inside a literal block scalar with words
                this is content line 27 inside a literal block scalar with words
                this is content line 28 inside a literal block scalar with words
                this is content line 29 inside a literal block scalar with words
                this is content line 30 inside a literal block scalar with words
                this is content line 31 inside a literal block scalar with words
                this is content line 32 inside a literal block scalar with words
                this is content line 33 inside a literal block scalar with words
                this is content line 34 inside a literal block scalar with words
                this is content line 35 inside a literal block scalar with words
                this is content line 36 inside a literal block scalar with words
                this is content line 37 inside a literal block scalar with words
                this is content line 38 inside a literal block scalar with words
                this is content line 39 inside a literal block scalar with words
                this is content line 40 inside a literal block scalar with words
                this is content line 41 inside a literal block scalar with words
                this is content line 42 inside a literal block scalar with words
                this is content line 43 inside a literal block scalar with words
                this is content line 44 inside a literal block scalar with words
                this is content line 45 inside a literal block scalar with words
                this is content line 46 inside a literal block scalar with words
                this is content line 47 inside a literal block scalar with words
                this is content line 48 inside a literal block scalar with words
                this is content line 49 inside a literal block scalar with words
                this is content line 50 inside a literal block scalar with words
                this is content line 51 inside a literal block scalar with words
                this is content line 52 inside a literal block scalar with words
                this is content line 53 inside a literal block scalar with words
                this is content line 54 inside a literal block scalar with words
                this is content line 55 inside a literal block scalar with words
                this is content line 56 inside a literal block scalar with words
                this is content line 57 inside a literal block scalar with words
                this is content line 58 inside a literal block scalar with words
                this is content line 59 inside a literal block scalar with words
                this is content line 60 inside a literal block scalar with words
                this is content line 61 inside a literal block scalar with words
                this is content line 62 inside a literal block scalar with words
                this is content line 63 inside a literal block scalar with words
                this is content line 64 inside a literal block scalar with words
                this is content line 65 inside a literal block scalar with words
                this is content line 66 inside a literal block scalar with words
                this is content line 67 inside a literal block scalar with words
                this is content line 68 inside a literal block scalar with words
                this is content line 69 inside a literal block scalar with words
                this is content line 70 inside a literal block scalar with words
                this is content line 71 inside a literal block scalar with words
                this is content line 72 inside a literal block scalar with words
                this is content line 73 inside a literal block scalar with words
                this is content line 74 inside a literal block scalar with words
                this is content line 75 inside a literal block scalar with words
                this is content line 76 inside a literal block scalar with words
                this is content line 77 inside a literal block scalar with words
                this is content line 78 inside a literal block scalar with words
                this is content line 79 inside a literal block scalar with words
                this is content line 80 inside a literal block scalar with words
                this is content line 81 inside a literal block scalar with words
                this is content line 82 inside a literal block scalar with words
                this is content line 83 inside a literal block scalar with words
                this is content line 84 inside a literal block scalar with words
                this is content line 85 inside a literal block scalar with words
                this is content line 86 inside a literal block scalar with words
                this is content line 87 inside a literal block scalar with words
                this is content line 88 inside a literal block scalar with words
                this is content line 89 inside a literal block scalar with words
                this is content line 90 inside a literal block scalar with words
                this is content line 91 inside a literal block scalar with words
                this is content line 92 inside a literal block scalar with words
                this is content line 93 inside a literal block scalar with words
                this is content line 94 inside a literal block scalar with words
                this is content line 95 inside a literal block scalar with words
                this is content line 96 inside a literal block scalar with words
                this is content line 97 inside a literal block scalar with words
                this is content line 98 inside a literal block scalar with words
                this is content line 99 inside a literal block scalar with words
                this is content line 100 inside a literal block scalar with words
                this is content line 101 inside a literal block scalar with words
                this is content line 102 inside a literal block scalar with words
                this is content line 103 inside a literal block scalar with words
                this is content line 104 inside a literal block scalar with words
                this is content line 105 inside a literal block scalar with words
                this is content line 106 inside a literal block scalar with words
                this is content line 107 inside a literal block scalar with words
                this is content line 108 inside a literal block scalar with words
                this is content line 109 inside a literal block scalar with words
                this is content line 110 inside a literal block scalar with words
                this is content line 111 inside a literal block scalar with words
                this is content line 112 inside a literal block scalar with words
                this is content line 113 inside a literal block scalar with words
                this is content line 114 inside a literal block scalar with words
                this is content line 115 inside a literal block scalar with words
                this is content line 116 inside a literal block scalar with words
                this is content line 117 inside a literal block scalar with words
                this is content line 118 inside a literal block scalar with words
                this is content line 119 inside a literal block scalar with words
                this is content line 120 inside a literal block scalar with words
                this is content line 121 inside a literal block scalar with words
                this is content line 122 inside a literal block scalar with words
                this is content line 123 inside a literal block scalar with words
                this is content line 124 inside a literal block scalar with words
                this is content line 125 inside a literal block scalar with words
                this is content line 126 inside a literal block scalar with words
                this is content line 127 inside a literal block scalar with words
                this is content line 128 inside a literal block scalar with words
                this is content line 129 inside a literal block scalar with words
                this is content line 130 inside a literal block scalar with words
                this is content line 131 inside a literal block scalar with words
                this is content line 132 inside a literal block scalar with words
                this is content line 133 inside a literal block scalar with words
                this is content line 134 inside a literal block scalar with words
                this is content line 135 inside a literal block scalar with words
                this is content line 136 inside a literal block scalar with words
                this is content line 137 inside a literal block scalar with words
                this is content line 138 inside a literal block scalar with words
                this is content line 139 inside a literal block scalar with words
                this is content line 140 inside a literal block scalar with words
                this is content line 141 inside a literal block scalar with words
                this is content line 142 inside a literal block scalar with words
                this is content line 143 inside a literal block scalar with words
                this is content line 144 inside a literal block scalar with words
                this is content line 145 inside a literal block scalar with words
                this is content line 146 inside a literal block scalar with words
                this is content line 147 inside a literal block scalar with words
                this is content line 148 inside a literal block scalar with words
                this is content line 149 inside a literal block scalar with words
                this is content line 150 inside a literal block scalar with words
                this is content line 151 inside a literal block scalar with words
                this is content line 152 inside a literal block scalar with words
                this is content line 153 inside a literal block scalar with words
                this is content line 154 inside a literal block scalar with words
                this is content line 155 inside a literal block scalar with words
                this is content line 156 inside a literal block scalar with words
                this is content line 157 inside a literal block scalar with words
                this is content line 158 inside a literal block scalar with words
                this is content line 159 inside a literal block scalar with words
                this is content line 160 inside a literal block scalar with words
                this is content line 161 inside a literal block scalar with words
                this is content line 162 inside a literal block scalar with words
                this is content line 163 inside a literal block scalar with words
                this is content line 164 inside a literal block scalar with words
                this is content line 165 inside a literal block scalar with words
                this is content line 166 inside a literal block scalar with words
                this is content line 167 inside a literal block scalar with words
                this is content line 168 inside a literal block scalar with words
                this is content line 169 inside a literal block scalar with words
                this is content line 170 inside a literal block scalar with words
                this is content line 171 inside a literal block scalar with words
                this is content line 172 inside a literal block scalar with words
                this is content line 173 inside a literal block scalar with words
                this is content line 174 inside a literal block scalar with words
                this is content line 175 inside a literal block scalar with words
                this is content line 176 inside a literal block scalar with words
                this is content line 177 inside a literal block scalar with words
                this is content line 178 inside a literal block scalar with words
                this is content line 179 inside a literal block scalar with words
                this is content line 180 inside a literal block scalar with words
                this is content line 181 inside a literal block scalar with words
                this is content line 182 inside a literal block scalar with words
                this is content line 183 inside a literal block scalar with words
                this is content line 184 inside a literal block scalar with words
                this is content line 185 inside a literal block scalar with words
                this is content line 186 inside a literal block scalar with words
                this is content line 187 inside a literal block scalar with words
                this is content line 188 inside a literal block scalar with words
                this is content line 189 inside a literal block scalar with words
                this is content line 190 inside a literal block scalar with words
                this is content line 191 inside a literal block scalar with words
                this is content line 192 inside a literal block scalar with words
                this is content line 193 inside a literal block scalar with words
                this is content line 194 inside a literal block scalar with words
                this is content line 195 inside a literal block scalar with words
                this is content line 196 inside a literal block scalar with words
                this is content line 197 inside a literal block scalar with words
                this is content line 198 inside a literal block scalar with words
                this is content line 199 inside a literal block scalar with words
