
Microsoft Visual Studio Solution File, Format Version 12.00
Project("{FAE04EC0-301F-11D3-BF4B-00C04F79EFBC}") = "VYaml", "VYaml\VYaml.csproj", "{0B2198C7-97FC-4C22-81C3-89FCA1075F3C}"
EndProject
Project("{FAE04EC0-301F-11D3-BF4B-00C04F79EFBC}") = "VYaml.Tests", "VYaml.Tests\VYaml.Tests.csproj", "{A0EF9580-FACD-4DF0-83F6-83D4F0FF24EB}"
EndProject
Project("{FAE04EC0-301F-11D3-BF4B-00C04F79EFBC}") = "VYaml.Benchmark", "VYaml.Benchmark\VYaml.Benchmark.csproj", "{D4FB8270-6E93-447C-B97F-851E711CEC4B}"
EndProject
Global
	GlobalSection(SolutionConfigurationPlatforms) = preSolution
		Debug|Any CPU = Debug|Any CPU
		Release|Any CPU = Release|Any CPU
	EndGlobalSection
	GlobalSection(ProjectConfigurationPlatforms) = postSolution
		{0B2198C7-97FC-4C22-81C3-89FCA1075F3C}.Debug|Any CPU.ActiveCfg = Debug|Any CPU
		{0B2198C7-97FC-4C22-81C3-89FCA1075F3C}.Debug|Any CPU.Build.0 = Debug|Any CPU
		{0B2198C7-97FC-4C22-81C3-89FCA1075F3C}.Release|Any CPU.ActiveCfg = Release|Any CPU
		{0B2198C7-97FC-4C22-81C3-89FCA1075F3C}.Release|Any CPU.Build.0 = Release|Any CPU
		{A0EF9580-FACD-4DF0-83F6-83D4F0FF24EB}.Debug|Any CPU.ActiveCfg = Debug|Any CPU
		{A0EF9580-FACD-4DF0-83F6-83D4F0FF24EB}.Debug|Any CPU.Build.0 = Debug|Any CPU
		{A0EF9580-FACD-4DF0-83F6-83D4F0FF24EB}.Release|Any CPU.ActiveCfg = Release|Any CPU
		{A0EF9580-FACD-4DF0-83F6-83D4F0FF24EB}.Release|Any CPU.Build.0 = Release|Any CPU
		{D4FB8270-6E93-447C-B97F-851E711CEC4B}.Debug|Any CPU.ActiveCfg = Debug|Any CPU
		{D4FB8270-6E93-447C-B97F-851E711CEC4B}.Debug|Any CPU.Build.0 = Debug|Any CPU
		{D4FB8270-6E93-447C-B97F-851E711CEC4B}.Release|Any CPU.ActiveCfg = Release|Any CPU
		{D4FB8270-6E93-447C-B97F-851E711CEC4B}.Release|Any CPU.Build.0 = Release|Any CPU
	EndGlobalSection
EndGlobal
